FORGE
  remote: https://forgeapi.puppetlabs.com
  specs:
    adrien-alternatives (0.3.0)
    puppetlabs-apt (2.3.0)
      puppetlabs-stdlib (< 5.0.0, >= 4.5.0)
    puppetlabs-inifile (1.6.0)
    puppetlabs-java (1.6.0)
      puppetlabs-stdlib (< 5.0.0, >= 2.4.0)
    puppetlabs-puppet_agent (1.3.2)
      puppetlabs-apt (< 3.0.0, >= 2.0.1)
      puppetlabs-inifile (< 2.0.0, >= 1.2.0)
      puppetlabs-stdlib (< 5.0.0, >= 4.6.0)
      puppetlabs-transition (< 0.2.0, >= 0.1.0)
    puppetlabs-stdlib (4.15.0)
    puppetlabs-transition (0.1.0)

DEPENDENCIES
  adrien-alternatives (= 0.3.0)
  puppetlabs-apt (= 2.3.0)
  puppetlabs-java (= 1.6.0)
  puppetlabs-puppet_agent (= 1.3.2)
  puppetlabs-stdlib (= 4.15.0)

